
Microsoft Visual Studio Solution File, Format Version 12.00
# Visual Studio 15
VisualStudioVersion = 15.0.26403.7
MinimumVisualStudioVersion = 10.0.40219.1
Project("{FAE04EC0-301F-11D3-BF4B-00C04F79EFBC}") = "vs17bol.STLCore", "vs17bol.STLCore\vs17bol.STLCore.csproj", "{0BDAED76-AD9A-475A-BAE6-14FC17B66D4B}"
EndProject
Project("{E53339B2-1760-4266-BCC7-CA923CBCF16C}") = "docker-compose", "docker-compose.dcproj", "{4EB81D5D-D64C-42A0-B08A-1E7AC5B849D7}"
EndProject
Project("{FAE04EC0-301F-11D3-BF4B-00C04F79EFBC}") = "vs17bol.StlAPI", "vs17bol.StlAPI\vs17bol.StlAPI.csproj", "{C11AF94E-DF8F-4FB9-B6AF-0D577BD92622}"
EndProject
Global
	GlobalSection(SolutionConfigurationPlatforms) = preSolution
		Debug|Any CPU = Debug|Any CPU
		Release|Any CPU = Release|Any CPU
	EndGlobalSection
	GlobalSection(ProjectConfigurationPlatforms) = postSolution
		{0BDAED76-AD9A-475A-BAE6-14FC17B66D4B}.Debug|Any CPU.ActiveCfg = Debug|Any CPU
		{0BDAED76-AD9A-475A-BAE6-14FC17B66D4B}.Debug|Any CPU.Build.0 = Debug|Any CPU
		{0BDAED76-AD9A-475A-BAE6-14FC17B66D4B}.Release|Any CPU.ActiveCfg = Release|Any CPU
		{0BDAED76-AD9A-475A-BAE6-14FC17B66D4B}.Release|Any CPU.Build.0 = Release|Any CPU
		{4EB81D5D-D64C-42A0-B08A-1E7AC5B849D7}.Debug|Any CPU.ActiveCfg = Debug|Any CPU
		{4EB81D5D-D64C-42A0-B08A-1E7AC5B849D7}.Debug|Any CPU.Build.0 = Debug|Any CPU
		{4EB81D5D-D64C-42A0-B08A-1E7AC5B849D7}.Release|Any CPU.ActiveCfg = Release|Any CPU
		{4EB81D5D-D64C-42A0-B08A-1E7AC5B849D7}.Release|Any CPU.Build.0 = Release|Any CPU
		{C11AF94E-DF8F-4FB9-B6AF-0D577BD92622}.Debug|Any CPU.ActiveCfg = Debug|Any CPU
		{C11AF94E-DF8F-4FB9-B6AF-0D577BD92622}.Debug|Any CPU.Build.0 = Debug|Any CPU
		{C11AF94E-DF8F-4FB9-B6AF-0D577BD92622}.Release|Any CPU.ActiveCfg = Release|Any CPU
		{C11AF94E-DF8F-4FB9-B6AF-0D577BD92622}.Release|Any CPU.Build.0 = Release|Any CPU
	EndGlobalSection
	GlobalSection(SolutionProperties) = preSolution
		HideSolutionNode = FALSE
	EndGlobalSection
EndGlobal
