
Microsoft Visual Studio Solution File, Format Version 12.00
# Visual Studio 15
VisualStudioVersion = 15.0.26403.7
MinimumVisualStudioVersion = 10.0.40219.1
Project("{FAE04EC0-301F-11D3-BF4B-00C04F79EFBC}") = "vs17bol.STLCore", "vs17bol.STLCore\vs17bol.STLCore.csproj", "{0BDAED76-AD9A-475A-BAE6-14FC17B66D4B}"
EndProject
Project("{E53339B2-1760-4266-BCC7-CA923CBCF16C}") = "docker-compose", "docker-compose.dcproj", "{4EB81D5D-D64C-42A0-B08A-1E7AC5B849D7}"
EndProject
Project("{FAE04EC0-301F-11D3-BF4B-00C04F79EFBC}") = "vs17bol.StlAPI", "vs17bol.StlAPI\vs17bol.StlAPI.csproj", "{C11AF94E-DF8F-4FB9-B6AF-0D577BD92622}"
EndProject
Project("{D954291E-2A0B-460D-934E-DC6B0785DB48}") = "vs17bol.STLMobile", "vs17bol.STLMobile\vs17bol.STLMobile\vs17bol.STLMobile.shproj", "{2A9CF834-36ED-49E4-BBAC-9D5C8F12E374}"
EndProject
Project("{FAE04EC0-301F-11D3-BF4B-00C04F79EFBC}") = "vs17bol.STLMobile.Android", "vs17bol.STLMobile\vs17bol.STLMobile.Android\vs17bol.STLMobile.Android.csproj", "{730CAB53-5669-4944-8A8C-44C499411B85}"
EndProject
Project("{FAE04EC0-301F-11D3-BF4B-00C04F79EFBC}") = "vs17bol.STLMobile.UWP", "vs17bol.STLMobile\vs17bol.STLMobile.UWP\vs17bol.STLMobile.UWP.csproj", "{0E5BE821-31EA-4584-B6F5-AB2642A21437}"
EndProject
Project("{2150E333-8FDC-42A3-9474-1A3956D46DE8}") = "Deck", "Deck", "{2D54DEA8-5BB2-40C5-8662-F48AEBAB18DD}"
	ProjectSection(SolutionItems) = preProject
		..\..\..\..\..\..\OneDrive\Content\MSFT\VS2017VS17BOL-Chicago.pdf = ..\..\..\..\..\..\OneDrive\Content\MSFT\VS2017VS17BOL-Chicago.pdf
	EndProjectSection
EndProject
Global
	GlobalSection(SharedMSBuildProjectFiles) = preSolution
		vs17bol.STLMobile\vs17bol.STLMobile\vs17bol.STLMobile.projitems*{2a9cf834-36ed-49e4-bbac-9d5c8f12e374}*SharedItemsImports = 13
		vs17bol.STLMobile\vs17bol.STLMobile\vs17bol.STLMobile.projitems*{730cab53-5669-4944-8a8c-44c499411b85}*SharedItemsImports = 4
	EndGlobalSection
	GlobalSection(SolutionConfigurationPlatforms) = preSolution
		Ad-Hoc|Any CPU = Ad-Hoc|Any CPU
		Ad-Hoc|ARM = Ad-Hoc|ARM
		Ad-Hoc|iPhone = Ad-Hoc|iPhone
		Ad-Hoc|iPhoneSimulator = Ad-Hoc|iPhoneSimulator
		Ad-Hoc|x64 = Ad-Hoc|x64
		Ad-Hoc|x86 = Ad-Hoc|x86
		AppStore|Any CPU = AppStore|Any CPU
		AppStore|ARM = AppStore|ARM
		AppStore|iPhone = AppStore|iPhone
		AppStore|iPhoneSimulator = AppStore|iPhoneSimulator
		AppStore|x64 = AppStore|x64
		AppStore|x86 = AppStore|x86
		Debug|Any CPU = Debug|Any CPU
		Debug|ARM = Debug|ARM
		Debug|iPhone = Debug|iPhone
		Debug|iPhoneSimulator = Debug|iPhoneSimulator
		Debug|x64 = Debug|x64
		Debug|x86 = Debug|x86
		Release|Any CPU = Release|Any CPU
		Release|ARM = Release|ARM
		Release|iPhone = Release|iPhone
		Release|iPhoneSimulator = Release|iPhoneSimulator
		Release|x64 = Release|x64
		Release|x86 = Release|x86
	EndGlobalSection
	GlobalSection(ProjectConfigurationPlatforms) = postSolution
		{0BDAED76-AD9A-475A-BAE6-14FC17B66D4B}.Ad-Hoc|Any CPU.ActiveCfg = Debug|Any CPU
		{0BDAED76-AD9A-475A-BAE6-14FC17B66D4B}.Ad-Hoc|Any CPU.Build.0 = Debug|Any CPU
		{0BDAED76-AD9A-475A-BAE6-14FC17B66D4B}.Ad-Hoc|ARM.ActiveCfg = Debug|Any CPU
		{0BDAED76-AD9A-475A-BAE6-14FC17B66D4B}.Ad-Hoc|ARM.Build.0 = Debug|Any CPU
		{0BDAED76-AD9A-475A-BAE6-14FC17B66D4B}.Ad-Hoc|iPhone.ActiveCfg = Debug|Any CPU
		{0BDAED76-AD9A-475A-BAE6-14FC17B66D4B}.Ad-Hoc|iPhone.Build.0 = Debug|Any CPU
		{0BDAED76-AD9A-475A-BAE6-14FC17B66D4B}.Ad-Hoc|iPhoneSimulator.ActiveCfg = Debug|Any CPU
		{0BDAED76-AD9A-475A-BAE6-14FC17B66D4B}.Ad-Hoc|iPhoneSimulator.Build.0 = Debug|Any CPU
		{0BDAED76-AD9A-475A-BAE6-14FC17B66D4B}.Ad-Hoc|x64.ActiveCfg = Debug|Any CPU
		{0BDAED76-AD9A-475A-BAE6-14FC17B66D4B}.Ad-Hoc|x64.Build.0 = Debug|Any CPU
		{0BDAED76-AD9A-475A-BAE6-14FC17B66D4B}.Ad-Hoc|x86.ActiveCfg = Debug|Any CPU
		{0BDAED76-AD9A-475A-BAE6-14FC17B66D4B}.Ad-Hoc|x86.Build.0 = Debug|Any CPU
		{0BDAED76-AD9A-475A-BAE6-14FC17B66D4B}.AppStore|Any CPU.ActiveCfg = Debug|Any CPU
		{0BDAED76-AD9A-475A-BAE6-14FC17B66D4B}.AppStore|Any CPU.Build.0 = Debug|Any CPU
		{0BDAED76-AD9A-475A-BAE6-14FC17B66D4B}.AppStore|ARM.ActiveCfg = Debug|Any CPU
		{0BDAED76-AD9A-475A-BAE6-14FC17B66D4B}.AppStore|ARM.Build.0 = Debug|Any CPU
		{0BDAED76-AD9A-475A-BAE6-14FC17B66D4B}.AppStore|iPhone.ActiveCfg = Debug|Any CPU
		{0BDAED76-AD9A-475A-BAE6-14FC17B66D4B}.AppStore|iPhone.Build.0 = Debug|Any CPU
		{0BDAED76-AD9A-475A-BAE6-14FC17B66D4B}.AppStore|iPhoneSimulator.ActiveCfg = Debug|Any CPU
		{0BDAED76-AD9A-475A-BAE6-14FC17B66D4B}.AppStore|iPhoneSimulator.Build.0 = Debug|Any CPU
		{0BDAED76-AD9A-475A-BAE6-14FC17B66D4B}.AppStore|x64.ActiveCfg = Debug|Any CPU
		{0BDAED76-AD9A-475A-BAE6-14FC17B66D4B}.AppStore|x64.Build.0 = Debug|Any CPU
		{0BDAED76-AD9A-475A-BAE6-14FC17B66D4B}.AppStore|x86.ActiveCfg = Debug|Any CPU
		{0BDAED76-AD9A-475A-BAE6-14FC17B66D4B}.AppStore|x86.Build.0 = Debug|Any CPU
		{0BDAED76-AD9A-475A-BAE6-14FC17B66D4B}.Debug|Any CPU.ActiveCfg = Debug|Any CPU
		{0BDAED76-AD9A-475A-BAE6-14FC17B66D4B}.Debug|Any CPU.Build.0 = Debug|Any CPU
		{0BDAED76-AD9A-475A-BAE6-14FC17B66D4B}.Debug|ARM.ActiveCfg = Debug|Any CPU
		{0BDAED76-AD9A-475A-BAE6-14FC17B66D4B}.Debug|ARM.Build.0 = Debug|Any CPU
		{0BDAED76-AD9A-475A-BAE6-14FC17B66D4B}.Debug|iPhone.ActiveCfg = Debug|Any CPU
		{0BDAED76-AD9A-475A-BAE6-14FC17B66D4B}.Debug|iPhone.Build.0 = Debug|Any CPU
		{0BDAED76-AD9A-475A-BAE6-14FC17B66D4B}.Debug|iPhoneSimulator.ActiveCfg = Debug|Any CPU
		{0BDAED76-AD9A-475A-BAE6-14FC17B66D4B}.Debug|iPhoneSimulator.Build.0 = Debug|Any CPU
		{0BDAED76-AD9A-475A-BAE6-14FC17B66D4B}.Debug|x64.ActiveCfg = Debug|Any CPU
		{0BDAED76-AD9A-475A-BAE6-14FC17B66D4B}.Debug|x64.Build.0 = Debug|Any CPU
		{0BDAED76-AD9A-475A-BAE6-14FC17B66D4B}.Debug|x86.ActiveCfg = Debug|Any CPU
		{0BDAED76-AD9A-475A-BAE6-14FC17B66D4B}.Debug|x86.Build.0 = Debug|Any CPU
		{0BDAED76-AD9A-475A-BAE6-14FC17B66D4B}.Release|Any CPU.ActiveCfg = Release|Any CPU
		{0BDAED76-AD9A-475A-BAE6-14FC17B66D4B}.Release|Any CPU.Build.0 = Release|Any CPU
		{0BDAED76-AD9A-475A-BAE6-14FC17B66D4B}.Release|ARM.ActiveCfg = Release|Any CPU
		{0BDAED76-AD9A-475A-BAE6-14FC17B66D4B}.Release|ARM.Build.0 = Release|Any CPU
		{0BDAED76-AD9A-475A-BAE6-14FC17B66D4B}.Release|iPhone.ActiveCfg = Release|Any CPU
		{0BDAED76-AD9A-475A-BAE6-14FC17B66D4B}.Release|iPhone.Build.0 = Release|Any CPU
		{0BDAED76-AD9A-475A-BAE6-14FC17B66D4B}.Release|iPhoneSimulator.ActiveCfg = Release|Any CPU
		{0BDAED76-AD9A-475A-BAE6-14FC17B66D4B}.Release|iPhoneSimulator.Build.0 = Release|Any CPU
		{0BDAED76-AD9A-475A-BAE6-14FC17B66D4B}.Release|x64.ActiveCfg = Release|Any CPU
		{0BDAED76-AD9A-475A-BAE6-14FC17B66D4B}.Release|x64.Build.0 = Release|Any CPU
		{0BDAED76-AD9A-475A-BAE6-14FC17B66D4B}.Release|x86.ActiveCfg = Release|Any CPU
		{0BDAED76-AD9A-475A-BAE6-14FC17B66D4B}.Release|x86.Build.0 = Release|Any CPU
		{4EB81D5D-D64C-42A0-B08A-1E7AC5B849D7}.Ad-Hoc|Any CPU.ActiveCfg = Debug|Any CPU
		{4EB81D5D-D64C-42A0-B08A-1E7AC5B849D7}.Ad-Hoc|Any CPU.Build.0 = Debug|Any CPU
		{4EB81D5D-D64C-42A0-B08A-1E7AC5B849D7}.Ad-Hoc|ARM.ActiveCfg = Debug|Any CPU
		{4EB81D5D-D64C-42A0-B08A-1E7AC5B849D7}.Ad-Hoc|ARM.Build.0 = Debug|Any CPU
		{4EB81D5D-D64C-42A0-B08A-1E7AC5B849D7}.Ad-Hoc|iPhone.ActiveCfg = Debug|Any CPU
		{4EB81D5D-D64C-42A0-B08A-1E7AC5B849D7}.Ad-Hoc|iPhone.Build.0 = Debug|Any CPU
		{4EB81D5D-D64C-42A0-B08A-1E7AC5B849D7}.Ad-Hoc|iPhoneSimulator.ActiveCfg = Debug|Any CPU
		{4EB81D5D-D64C-42A0-B08A-1E7AC5B849D7}.Ad-Hoc|iPhoneSimulator.Build.0 = Debug|Any CPU
		{4EB81D5D-D64C-42A0-B08A-1E7AC5B849D7}.Ad-Hoc|x64.ActiveCfg = Debug|Any CPU
		{4EB81D5D-D64C-42A0-B08A-1E7AC5B849D7}.Ad-Hoc|x64.Build.0 = Debug|Any CPU
		{4EB81D5D-D64C-42A0-B08A-1E7AC5B849D7}.Ad-Hoc|x86.ActiveCfg = Debug|Any CPU
		{4EB81D5D-D64C-42A0-B08A-1E7AC5B849D7}.Ad-Hoc|x86.Build.0 = Debug|Any CPU
		{4EB81D5D-D64C-42A0-B08A-1E7AC5B849D7}.AppStore|Any CPU.ActiveCfg = Debug|Any CPU
		{4EB81D5D-D64C-42A0-B08A-1E7AC5B849D7}.AppStore|Any CPU.Build.0 = Debug|Any CPU
		{4EB81D5D-D64C-42A0-B08A-1E7AC5B849D7}.AppStore|ARM.ActiveCfg = Debug|Any CPU
		{4EB81D5D-D64C-42A0-B08A-1E7AC5B849D7}.AppStore|ARM.Build.0 = Debug|Any CPU
		{4EB81D5D-D64C-42A0-B08A-1E7AC5B849D7}.AppStore|iPhone.ActiveCfg = Debug|Any CPU
		{4EB81D5D-D64C-42A0-B08A-1E7AC5B849D7}.AppStore|iPhone.Build.0 = Debug|Any CPU
		{4EB81D5D-D64C-42A0-B08A-1E7AC5B849D7}.AppStore|iPhoneSimulator.ActiveCfg = Debug|Any CPU
		{4EB81D5D-D64C-42A0-B08A-1E7AC5B849D7}.AppStore|iPhoneSimulator.Build.0 = Debug|Any CPU
		{4EB81D5D-D64C-42A0-B08A-1E7AC5B849D7}.AppStore|x64.ActiveCfg = Debug|Any CPU
		{4EB81D5D-D64C-42A0-B08A-1E7AC5B849D7}.AppStore|x64.Build.0 = Debug|Any CPU
		{4EB81D5D-D64C-42A0-B08A-1E7AC5B849D7}.AppStore|x86.ActiveCfg = Debug|Any CPU
		{4EB81D5D-D64C-42A0-B08A-1E7AC5B849D7}.AppStore|x86.Build.0 = Debug|Any CPU
		{4EB81D5D-D64C-42A0-B08A-1E7AC5B849D7}.Debug|Any CPU.ActiveCfg = Debug|Any CPU
		{4EB81D5D-D64C-42A0-B08A-1E7AC5B849D7}.Debug|Any CPU.Build.0 = Debug|Any CPU
		{4EB81D5D-D64C-42A0-B08A-1E7AC5B849D7}.Debug|ARM.ActiveCfg = Debug|Any CPU
		{4EB81D5D-D64C-42A0-B08A-1E7AC5B849D7}.Debug|ARM.Build.0 = Debug|Any CPU
		{4EB81D5D-D64C-42A0-B08A-1E7AC5B849D7}.Debug|iPhone.ActiveCfg = Debug|Any CPU
		{4EB81D5D-D64C-42A0-B08A-1E7AC5B849D7}.Debug|iPhone.Build.0 = Debug|Any CPU
		{4EB81D5D-D64C-42A0-B08A-1E7AC5B849D7}.Debug|iPhoneSimulator.ActiveCfg = Debug|Any CPU
		{4EB81D5D-D64C-42A0-B08A-1E7AC5B849D7}.Debug|iPhoneSimulator.Build.0 = Debug|Any CPU
		{4EB81D5D-D64C-42A0-B08A-1E7AC5B849D7}.Debug|x64.ActiveCfg = Debug|Any CPU
		{4EB81D5D-D64C-42A0-B08A-1E7AC5B849D7}.Debug|x64.Build.0 = Debug|Any CPU
		{4EB81D5D-D64C-42A0-B08A-1E7AC5B849D7}.Debug|x86.ActiveCfg = Debug|Any CPU
		{4EB81D5D-D64C-42A0-B08A-1E7AC5B849D7}.Debug|x86.Build.0 = Debug|Any CPU
		{4EB81D5D-D64C-42A0-B08A-1E7AC5B849D7}.Release|Any CPU.ActiveCfg = Release|Any CPU
		{4EB81D5D-D64C-42A0-B08A-1E7AC5B849D7}.Release|Any CPU.Build.0 = Release|Any CPU
		{4EB81D5D-D64C-42A0-B08A-1E7AC5B849D7}.Release|ARM.ActiveCfg = Release|Any CPU
		{4EB81D5D-D64C-42A0-B08A-1E7AC5B849D7}.Release|ARM.Build.0 = Release|Any CPU
		{4EB81D5D-D64C-42A0-B08A-1E7AC5B849D7}.Release|iPhone.ActiveCfg = Release|Any CPU
		{4EB81D5D-D64C-42A0-B08A-1E7AC5B849D7}.Release|iPhone.Build.0 = Release|Any CPU
		{4EB81D5D-D64C-42A0-B08A-1E7AC5B849D7}.Release|iPhoneSimulator.ActiveCfg = Release|Any CPU
		{4EB81D5D-D64C-42A0-B08A-1E7AC5B849D7}.Release|iPhoneSimulator.Build.0 = Release|Any CPU
		{4EB81D5D-D64C-42A0-B08A-1E7AC5B849D7}.Release|x64.ActiveCfg = Release|Any CPU
		{4EB81D5D-D64C-42A0-B08A-1E7AC5B849D7}.Release|x64.Build.0 = Release|Any CPU
		{4EB81D5D-D64C-42A0-B08A-1E7AC5B849D7}.Release|x86.ActiveCfg = Release|Any CPU
		{4EB81D5D-D64C-42A0-B08A-1E7AC5B849D7}.Release|x86.Build.0 = Release|Any CPU
		{C11AF94E-DF8F-4FB9-B6AF-0D577BD92622}.Ad-Hoc|Any CPU.ActiveCfg = Debug|Any CPU
		{C11AF94E-DF8F-4FB9-B6AF-0D577BD92622}.Ad-Hoc|Any CPU.Build.0 = Debug|Any CPU
		{C11AF94E-DF8F-4FB9-B6AF-0D577BD92622}.Ad-Hoc|ARM.ActiveCfg = Debug|Any CPU
		{C11AF94E-DF8F-4FB9-B6AF-0D577BD92622}.Ad-Hoc|ARM.Build.0 = Debug|Any CPU
		{C11AF94E-DF8F-4FB9-B6AF-0D577BD92622}.Ad-Hoc|iPhone.ActiveCfg = Debug|Any CPU
		{C11AF94E-DF8F-4FB9-B6AF-0D577BD92622}.Ad-Hoc|iPhone.Build.0 = Debug|Any CPU
		{C11AF94E-DF8F-4FB9-B6AF-0D577BD92622}.Ad-Hoc|iPhoneSimulator.ActiveCfg = Debug|Any CPU
		{C11AF94E-DF8F-4FB9-B6AF-0D577BD92622}.Ad-Hoc|iPhoneSimulator.Build.0 = Debug|Any CPU
		{C11AF94E-DF8F-4FB9-B6AF-0D577BD92622}.Ad-Hoc|x64.ActiveCfg = Debug|Any CPU
		{C11AF94E-DF8F-4FB9-B6AF-0D577BD92622}.Ad-Hoc|x64.Build.0 = Debug|Any CPU
		{C11AF94E-DF8F-4FB9-B6AF-0D577BD92622}.Ad-Hoc|x86.ActiveCfg = Debug|Any CPU
		{C11AF94E-DF8F-4FB9-B6AF-0D577BD92622}.Ad-Hoc|x86.Build.0 = Debug|Any CPU
		{C11AF94E-DF8F-4FB9-B6AF-0D577BD92622}.AppStore|Any CPU.ActiveCfg = Debug|Any CPU
		{C11AF94E-DF8F-4FB9-B6AF-0D577BD92622}.AppStore|Any CPU.Build.0 = Debug|Any CPU
		{C11AF94E-DF8F-4FB9-B6AF-0D577BD92622}.AppStore|ARM.ActiveCfg = Debug|Any CPU
		{C11AF94E-DF8F-4FB9-B6AF-0D577BD92622}.AppStore|ARM.Build.0 = Debug|Any CPU
		{C11AF94E-DF8F-4FB9-B6AF-0D577BD92622}.AppStore|iPhone.ActiveCfg = Debug|Any CPU
		{C11AF94E-DF8F-4FB9-B6AF-0D577BD92622}.AppStore|iPhone.Build.0 = Debug|Any CPU
		{C11AF94E-DF8F-4FB9-B6AF-0D577BD92622}.AppStore|iPhoneSimulator.ActiveCfg = Debug|Any CPU
		{C11AF94E-DF8F-4FB9-B6AF-0D577BD92622}.AppStore|iPhoneSimulator.Build.0 = Debug|Any CPU
		{C11AF94E-DF8F-4FB9-B6AF-0D577BD92622}.AppStore|x64.ActiveCfg = Debug|Any CPU
		{C11AF94E-DF8F-4FB9-B6AF-0D577BD92622}.AppStore|x64.Build.0 = Debug|Any CPU
		{C11AF94E-DF8F-4FB9-B6AF-0D577BD92622}.AppStore|x86.ActiveCfg = Debug|Any CPU
		{C11AF94E-DF8F-4FB9-B6AF-0D577BD92622}.AppStore|x86.Build.0 = Debug|Any CPU
		{C11AF94E-DF8F-4FB9-B6AF-0D577BD92622}.Debug|Any CPU.ActiveCfg = Debug|Any CPU
		{C11AF94E-DF8F-4FB9-B6AF-0D577BD92622}.Debug|Any CPU.Build.0 = Debug|Any CPU
		{C11AF94E-DF8F-4FB9-B6AF-0D577BD92622}.Debug|ARM.ActiveCfg = Debug|Any CPU
		{C11AF94E-DF8F-4FB9-B6AF-0D577BD92622}.Debug|ARM.Build.0 = Debug|Any CPU
		{C11AF94E-DF8F-4FB9-B6AF-0D577BD92622}.Debug|iPhone.ActiveCfg = Debug|Any CPU
		{C11AF94E-DF8F-4FB9-B6AF-0D577BD92622}.Debug|iPhone.Build.0 = Debug|Any CPU
		{C11AF94E-DF8F-4FB9-B6AF-0D577BD92622}.Debug|iPhoneSimulator.ActiveCfg = Debug|Any CPU
		{C11AF94E-DF8F-4FB9-B6AF-0D577BD92622}.Debug|iPhoneSimulator.Build.0 = Debug|Any CPU
		{C11AF94E-DF8F-4FB9-B6AF-0D577BD92622}.Debug|x64.ActiveCfg = Debug|Any CPU
		{C11AF94E-DF8F-4FB9-B6AF-0D577BD92622}.Debug|x64.Build.0 = Debug|Any CPU
		{C11AF94E-DF8F-4FB9-B6AF-0D577BD92622}.Debug|x86.ActiveCfg = Debug|Any CPU
		{C11AF94E-DF8F-4FB9-B6AF-0D577BD92622}.Debug|x86.Build.0 = Debug|Any CPU
		{C11AF94E-DF8F-4FB9-B6AF-0D577BD92622}.Release|Any CPU.ActiveCfg = Release|Any CPU
		{C11AF94E-DF8F-4FB9-B6AF-0D577BD92622}.Release|Any CPU.Build.0 = Release|Any CPU
		{C11AF94E-DF8F-4FB9-B6AF-0D577BD92622}.Release|ARM.ActiveCfg = Release|Any CPU
		{C11AF94E-DF8F-4FB9-B6AF-0D577BD92622}.Release|ARM.Build.0 = Release|Any CPU
		{C11AF94E-DF8F-4FB9-B6AF-0D577BD92622}.Release|iPhone.ActiveCfg = Release|Any CPU
		{C11AF94E-DF8F-4FB9-B6AF-0D577BD92622}.Release|iPhone.Build.0 = Release|Any CPU
		{C11AF94E-DF8F-4FB9-B6AF-0D577BD92622}.Release|iPhoneSimulator.ActiveCfg = Release|Any CPU
		{C11AF94E-DF8F-4FB9-B6AF-0D577BD92622}.Release|iPhoneSimulator.Build.0 = Release|Any CPU
		{C11AF94E-DF8F-4FB9-B6AF-0D577BD92622}.Release|x64.ActiveCfg = Release|Any CPU
		{C11AF94E-DF8F-4FB9-B6AF-0D577BD92622}.Release|x64.Build.0 = Release|Any CPU
		{C11AF94E-DF8F-4FB9-B6AF-0D577BD92622}.Release|x86.ActiveCfg = Release|Any CPU
		{C11AF94E-DF8F-4FB9-B6AF-0D577BD92622}.Release|x86.Build.0 = Release|Any CPU
		{730CAB53-5669-4944-8A8C-44C499411B85}.Ad-Hoc|Any CPU.ActiveCfg = Release|Any CPU
		{730CAB53-5669-4944-8A8C-44C499411B85}.Ad-Hoc|Any CPU.Build.0 = Release|Any CPU
		{730CAB53-5669-4944-8A8C-44C499411B85}.Ad-Hoc|Any CPU.Deploy.0 = Release|Any CPU
		{730CAB53-5669-4944-8A8C-44C499411B85}.Ad-Hoc|ARM.ActiveCfg = Release|Any CPU
		{730CAB53-5669-4944-8A8C-44C499411B85}.Ad-Hoc|ARM.Build.0 = Release|Any CPU
		{730CAB53-5669-4944-8A8C-44C499411B85}.Ad-Hoc|ARM.Deploy.0 = Release|Any CPU
		{730CAB53-5669-4944-8A8C-44C499411B85}.Ad-Hoc|iPhone.ActiveCfg = Release|Any CPU
		{730CAB53-5669-4944-8A8C-44C499411B85}.Ad-Hoc|iPhone.Build.0 = Release|Any CPU
		{730CAB53-5669-4944-8A8C-44C499411B85}.Ad-Hoc|iPhone.Deploy.0 = Release|Any CPU
		{730CAB53-5669-4944-8A8C-44C499411B85}.Ad-Hoc|iPhoneSimulator.ActiveCfg = Release|Any CPU
		{730CAB53-5669-4944-8A8C-44C499411B85}.Ad-Hoc|iPhoneSimulator.Build.0 = Release|Any CPU
		{730CAB53-5669-4944-8A8C-44C499411B85}.Ad-Hoc|iPhoneSimulator.Deploy.0 = Release|Any CPU
		{730CAB53-5669-4944-8A8C-44C499411B85}.Ad-Hoc|x64.ActiveCfg = Release|Any CPU
		{730CAB53-5669-4944-8A8C-44C499411B85}.Ad-Hoc|x64.Build.0 = Release|Any CPU
		{730CAB53-5669-4944-8A8C-44C499411B85}.Ad-Hoc|x64.Deploy.0 = Release|Any CPU
		{730CAB53-5669-4944-8A8C-44C499411B85}.Ad-Hoc|x86.ActiveCfg = Release|Any CPU
		{730CAB53-5669-4944-8A8C-44C499411B85}.Ad-Hoc|x86.Build.0 = Release|Any CPU
		{730CAB53-5669-4944-8A8C-44C499411B85}.Ad-Hoc|x86.Deploy.0 = Release|Any CPU
		{730CAB53-5669-4944-8A8C-44C499411B85}.AppStore|Any CPU.ActiveCfg = Release|Any CPU
		{730CAB53-5669-4944-8A8C-44C499411B85}.AppStore|Any CPU.Build.0 = Release|Any CPU
		{730CAB53-5669-4944-8A8C-44C499411B85}.AppStore|Any CPU.Deploy.0 = Release|Any CPU
		{730CAB53-5669-4944-8A8C-44C499411B85}.AppStore|ARM.ActiveCfg = Release|Any CPU
		{730CAB53-5669-4944-8A8C-44C499411B85}.AppStore|ARM.Build.0 = Release|Any CPU
		{730CAB53-5669-4944-8A8C-44C499411B85}.AppStore|ARM.Deploy.0 = Release|Any CPU
		{730CAB53-5669-4944-8A8C-44C499411B85}.AppStore|iPhone.ActiveCfg = Release|Any CPU
		{730CAB53-5669-4944-8A8C-44C499411B85}.AppStore|iPhone.Build.0 = Release|Any CPU
		{730CAB53-5669-4944-8A8C-44C499411B85}.AppStore|iPhone.Deploy.0 = Release|Any CPU
		{730CAB53-5669-4944-8A8C-44C499411B85}.AppStore|iPhoneSimulator.ActiveCfg = Release|Any CPU
		{730CAB53-5669-4944-8A8C-44C499411B85}.AppStore|iPhoneSimulator.Build.0 = Release|Any CPU
		{730CAB53-5669-4944-8A8C-44C499411B85}.AppStore|iPhoneSimulator.Deploy.0 = Release|Any CPU
		{730CAB53-5669-4944-8A8C-44C499411B85}.AppStore|x64.ActiveCfg = Release|Any CPU
		{730CAB53-5669-4944-8A8C-44C499411B85}.AppStore|x64.Build.0 = Release|Any CPU
		{730CAB53-5669-4944-8A8C-44C499411B85}.AppStore|x64.Deploy.0 = Release|Any CPU
		{730CAB53-5669-4944-8A8C-44C499411B85}.AppStore|x86.ActiveCfg = Release|Any CPU
		{730CAB53-5669-4944-8A8C-44C499411B85}.AppStore|x86.Build.0 = Release|Any CPU
		{730CAB53-5669-4944-8A8C-44C499411B85}.AppStore|x86.Deploy.0 = Release|Any CPU
		{730CAB53-5669-4944-8A8C-44C499411B85}.Debug|Any CPU.ActiveCfg = Debug|Any CPU
		{730CAB53-5669-4944-8A8C-44C499411B85}.Debug|Any CPU.Build.0 = Debug|Any CPU
		{730CAB53-5669-4944-8A8C-44C499411B85}.Debug|Any CPU.Deploy.0 = Debug|Any CPU
		{730CAB53-5669-4944-8A8C-44C499411B85}.Debug|ARM.ActiveCfg = Debug|Any CPU
		{730CAB53-5669-4944-8A8C-44C499411B85}.Debug|ARM.Build.0 = Debug|Any CPU
		{730CAB53-5669-4944-8A8C-44C499411B85}.Debug|ARM.Deploy.0 = Debug|Any CPU
		{730CAB53-5669-4944-8A8C-44C499411B85}.Debug|iPhone.ActiveCfg = Debug|Any CPU
		{730CAB53-5669-4944-8A8C-44C499411B85}.Debug|iPhone.Build.0 = Debug|Any CPU
		{730CAB53-5669-4944-8A8C-44C499411B85}.Debug|iPhone.Deploy.0 = Debug|Any CPU
		{730CAB53-5669-4944-8A8C-44C499411B85}.Debug|iPhoneSimulator.ActiveCfg = Debug|Any CPU
		{730CAB53-5669-4944-8A8C-44C499411B85}.Debug|iPhoneSimulator.Build.0 = Debug|Any CPU
		{730CAB53-5669-4944-8A8C-44C499411B85}.Debug|iPhoneSimulator.Deploy.0 = Debug|Any CPU
		{730CAB53-5669-4944-8A8C-44C499411B85}.Debug|x64.ActiveCfg = Debug|Any CPU
		{730CAB53-5669-4944-8A8C-44C499411B85}.Debug|x64.Build.0 = Debug|Any CPU
		{730CAB53-5669-4944-8A8C-44C499411B85}.Debug|x64.Deploy.0 = Debug|Any CPU
		{730CAB53-5669-4944-8A8C-44C499411B85}.Debug|x86.ActiveCfg = Debug|Any CPU
		{730CAB53-5669-4944-8A8C-44C499411B85}.Debug|x86.Build.0 = Debug|Any CPU
		{730CAB53-5669-4944-8A8C-44C499411B85}.Debug|x86.Deploy.0 = Debug|Any CPU
		{730CAB53-5669-4944-8A8C-44C499411B85}.Release|Any CPU.ActiveCfg = Release|Any CPU
		{730CAB53-5669-4944-8A8C-44C499411B85}.Release|Any CPU.Build.0 = Release|Any CPU
		{730CAB53-5669-4944-8A8C-44C499411B85}.Release|Any CPU.Deploy.0 = Release|Any CPU
		{730CAB53-5669-4944-8A8C-44C499411B85}.Release|ARM.ActiveCfg = Release|Any CPU
		{730CAB53-5669-4944-8A8C-44C499411B85}.Release|ARM.Build.0 = Release|Any CPU
		{730CAB53-5669-4944-8A8C-44C499411B85}.Release|ARM.Deploy.0 = Release|Any CPU
		{730CAB53-5669-4944-8A8C-44C499411B85}.Release|iPhone.ActiveCfg = Release|Any CPU
		{730CAB53-5669-4944-8A8C-44C499411B85}.Release|iPhone.Build.0 = Release|Any CPU
		{730CAB53-5669-4944-8A8C-44C499411B85}.Release|iPhone.Deploy.0 = Release|Any CPU
		{730CAB53-5669-4944-8A8C-44C499411B85}.Release|iPhoneSimulator.ActiveCfg = Release|Any CPU
		{730CAB53-5669-4944-8A8C-44C499411B85}.Release|iPhoneSimulator.Build.0 = Release|Any CPU
		{730CAB53-5669-4944-8A8C-44C499411B85}.Release|iPhoneSimulator.Deploy.0 = Release|Any CPU
		{730CAB53-5669-4944-8A8C-44C499411B85}.Release|x64.ActiveCfg = Release|Any CPU
		{730CAB53-5669-4944-8A8C-44C499411B85}.Release|x64.Build.0 = Release|Any CPU
		{730CAB53-5669-4944-8A8C-44C499411B85}.Release|x64.Deploy.0 = Release|Any CPU
		{730CAB53-5669-4944-8A8C-44C499411B85}.Release|x86.ActiveCfg = Release|Any CPU
		{730CAB53-5669-4944-8A8C-44C499411B85}.Release|x86.Build.0 = Release|Any CPU
		{730CAB53-5669-4944-8A8C-44C499411B85}.Release|x86.Deploy.0 = Release|Any CPU
		{0E5BE821-31EA-4584-B6F5-AB2642A21437}.Ad-Hoc|Any CPU.ActiveCfg = Release|x86
		{0E5BE821-31EA-4584-B6F5-AB2642A21437}.Ad-Hoc|Any CPU.Build.0 = Release|x86
		{0E5BE821-31EA-4584-B6F5-AB2642A21437}.Ad-Hoc|Any CPU.Deploy.0 = Release|x86
		{0E5BE821-31EA-4584-B6F5-AB2642A21437}.Ad-Hoc|ARM.ActiveCfg = Release|ARM
		{0E5BE821-31EA-4584-B6F5-AB2642A21437}.Ad-Hoc|ARM.Build.0 = Release|ARM
		{0E5BE821-31EA-4584-B6F5-AB2642A21437}.Ad-Hoc|ARM.Deploy.0 = Release|ARM
		{0E5BE821-31EA-4584-B6F5-AB2642A21437}.Ad-Hoc|iPhone.ActiveCfg = Release|x86
		{0E5BE821-31EA-4584-B6F5-AB2642A21437}.Ad-Hoc|iPhone.Build.0 = Release|x86
		{0E5BE821-31EA-4584-B6F5-AB2642A21437}.Ad-Hoc|iPhone.Deploy.0 = Release|x86
		{0E5BE821-31EA-4584-B6F5-AB2642A21437}.Ad-Hoc|iPhoneSimulator.ActiveCfg = Release|x86
		{0E5BE821-31EA-4584-B6F5-AB2642A21437}.Ad-Hoc|iPhoneSimulator.Build.0 = Release|x86
		{0E5BE821-31EA-4584-B6F5-AB2642A21437}.Ad-Hoc|iPhoneSimulator.Deploy.0 = Release|x86
		{0E5BE821-31EA-4584-B6F5-AB2642A21437}.Ad-Hoc|x64.ActiveCfg = Release|x64
		{0E5BE821-31EA-4584-B6F5-AB2642A21437}.Ad-Hoc|x64.Build.0 = Release|x64
		{0E5BE821-31EA-4584-B6F5-AB2642A21437}.Ad-Hoc|x64.Deploy.0 = Release|x64
		{0E5BE821-31EA-4584-B6F5-AB2642A21437}.Ad-Hoc|x86.ActiveCfg = Release|x86
		{0E5BE821-31EA-4584-B6F5-AB2642A21437}.Ad-Hoc|x86.Build.0 = Release|x86
		{0E5BE821-31EA-4584-B6F5-AB2642A21437}.Ad-Hoc|x86.Deploy.0 = Release|x86
		{0E5BE821-31EA-4584-B6F5-AB2642A21437}.AppStore|Any CPU.ActiveCfg = Release|x86
		{0E5BE821-31EA-4584-B6F5-AB2642A21437}.AppStore|Any CPU.Build.0 = Release|x86
		{0E5BE821-31EA-4584-B6F5-AB2642A21437}.AppStore|Any CPU.Deploy.0 = Release|x86
		{0E5BE821-31EA-4584-B6F5-AB2642A21437}.AppStore|ARM.ActiveCfg = Release|ARM
		{0E5BE821-31EA-4584-B6F5-AB2642A21437}.AppStore|ARM.Build.0 = Release|ARM
		{0E5BE821-31EA-4584-B6F5-AB2642A21437}.AppStore|ARM.Deploy.0 = Release|ARM
		{0E5BE821-31EA-4584-B6F5-AB2642A21437}.AppStore|iPhone.ActiveCfg = Release|x86
		{0E5BE821-31EA-4584-B6F5-AB2642A21437}.AppStore|iPhone.Build.0 = Release|x86
		{0E5BE821-31EA-4584-B6F5-AB2642A21437}.AppStore|iPhone.Deploy.0 = Release|x86
		{0E5BE821-31EA-4584-B6F5-AB2642A21437}.AppStore|iPhoneSimulator.ActiveCfg = Release|x86
		{0E5BE821-31EA-4584-B6F5-AB2642A21437}.AppStore|iPhoneSimulator.Build.0 = Release|x86
		{0E5BE821-31EA-4584-B6F5-AB2642A21437}.AppStore|iPhoneSimulator.Deploy.0 = Release|x86
		{0E5BE821-31EA-4584-B6F5-AB2642A21437}.AppStore|x64.ActiveCfg = Release|x64
		{0E5BE821-31EA-4584-B6F5-AB2642A21437}.AppStore|x64.Build.0 = Release|x64
		{0E5BE821-31EA-4584-B6F5-AB2642A21437}.AppStore|x64.Deploy.0 = Release|x64
		{0E5BE821-31EA-4584-B6F5-AB2642A21437}.AppStore|x86.ActiveCfg = Release|x86
		{0E5BE821-31EA-4584-B6F5-AB2642A21437}.AppStore|x86.Build.0 = Release|x86
		{0E5BE821-31EA-4584-B6F5-AB2642A21437}.AppStore|x86.Deploy.0 = Release|x86
		{0E5BE821-31EA-4584-B6F5-AB2642A21437}.Debug|Any CPU.ActiveCfg = Debug|x86
		{0E5BE821-31EA-4584-B6F5-AB2642A21437}.Debug|Any CPU.Build.0 = Debug|x86
		{0E5BE821-31EA-4584-B6F5-AB2642A21437}.Debug|Any CPU.Deploy.0 = Debug|x86
		{0E5BE821-31EA-4584-B6F5-AB2642A21437}.Debug|ARM.ActiveCfg = Debug|ARM
		{0E5BE821-31EA-4584-B6F5-AB2642A21437}.Debug|ARM.Build.0 = Debug|ARM
		{0E5BE821-31EA-4584-B6F5-AB2642A21437}.Debug|ARM.Deploy.0 = Debug|ARM
		{0E5BE821-31EA-4584-B6F5-AB2642A21437}.Debug|iPhone.ActiveCfg = Debug|x86
		{0E5BE821-31EA-4584-B6F5-AB2642A21437}.Debug|iPhoneSimulator.ActiveCfg = Debug|x86
		{0E5BE821-31EA-4584-B6F5-AB2642A21437}.Debug|x64.ActiveCfg = Debug|x64
		{0E5BE821-31EA-4584-B6F5-AB2642A21437}.Debug|x64.Build.0 = Debug|x64
		{0E5BE821-31EA-4584-B6F5-AB2642A21437}.Debug|x64.Deploy.0 = Debug|x64
		{0E5BE821-31EA-4584-B6F5-AB2642A21437}.Debug|x86.ActiveCfg = Debug|x86
		{0E5BE821-31EA-4584-B6F5-AB2642A21437}.Debug|x86.Build.0 = Debug|x86
		{0E5BE821-31EA-4584-B6F5-AB2642A21437}.Debug|x86.Deploy.0 = Debug|x86
		{0E5BE821-31EA-4584-B6F5-AB2642A21437}.Release|Any CPU.ActiveCfg = Release|x86
		{0E5BE821-31EA-4584-B6F5-AB2642A21437}.Release|ARM.ActiveCfg = Release|ARM
		{0E5BE821-31EA-4584-B6F5-AB2642A21437}.Release|ARM.Build.0 = Release|ARM
		{0E5BE821-31EA-4584-B6F5-AB2642A21437}.Release|ARM.Deploy.0 = Release|ARM
		{0E5BE821-31EA-4584-B6F5-AB2642A21437}.Release|iPhone.ActiveCfg = Release|x86
		{0E5BE821-31EA-4584-B6F5-AB2642A21437}.Release|iPhoneSimulator.ActiveCfg = Release|x86
		{0E5BE821-31EA-4584-B6F5-AB2642A21437}.Release|x64.ActiveCfg = Release|x64
		{0E5BE821-31EA-4584-B6F5-AB2642A21437}.Release|x64.Build.0 = Release|x64
		{0E5BE821-31EA-4584-B6F5-AB2642A21437}.Release|x64.Deploy.0 = Release|x64
		{0E5BE821-31EA-4584-B6F5-AB2642A21437}.Release|x86.ActiveCfg = Release|x86
		{0E5BE821-31EA-4584-B6F5-AB2642A21437}.Release|x86.Build.0 = Release|x86
		{0E5BE821-31EA-4584-B6F5-AB2642A21437}.Release|x86.Deploy.0 = Release|x86
	EndGlobalSection
	GlobalSection(SolutionProperties) = preSolution
		HideSolutionNode = FALSE
	EndGlobalSection
EndGlobal
